
Microsoft Visual Studio Solution File, Format Version 12.00
# Visual Studio Version 16
VisualStudioVersion = 16.0.31205.134
MinimumVisualStudioVersion = 10.0.40219.1
Project("{F184B08F-C81C-45F6-A57F-5ABD9991F28F}") = "SQLProject", "SQLProject.vbproj", "{B8A8E7B1-8406-410D-890E-F8AE36384EB9}"
EndProject
Global
	GlobalSection(SolutionConfigurationPlatforms) = preSolution
		Debug|Any CPU = Debug|Any CPU
		Release|Any CPU = Release|Any CPU
	EndGlobalSection
	GlobalSection(ProjectConfigurationPlatforms) = postSolution
		{B8A8E7B1-8406-410D-890E-F8AE36384EB9}.Debug|Any CPU.ActiveCfg = Debug|Any CPU
		{B8A8E7B1-8406-410D-890E-F8AE36384EB9}.Debug|Any CPU.Build.0 = Debug|Any CPU
		{B8A8E7B1-8406-410D-890E-F8AE36384EB9}.Release|Any CPU.ActiveCfg = Release|Any CPU
		{B8A8E7B1-8406-410D-890E-F8AE36384EB9}.Release|Any CPU.Build.0 = Release|Any CPU
	EndGlobalSection
	GlobalSection(SolutionProperties) = preSolution
		HideSolutionNode = FALSE
	EndGlobalSection
	GlobalSection(ExtensibilityGlobals) = postSolution
		SolutionGuid = {A7734A4A-A8D6-49F0-AF27-4DACA596E4E2}
	EndGlobalSection
EndGlobal
